
Microsoft Visual Studio Solution File, Format Version 12.00
# Visual Studio Version 17
VisualStudioVersion = 17.5.33424.131
MinimumVisualStudioVersion = 10.0.40219.1
Project("{FAE04EC0-301F-11D3-BF4B-00C04F79EFBC}") = "LAB1", "LAB1.csproj", "{3CDBE710-D268-4003-A0E0-81088F75EFE6}"
EndProject
Global
	GlobalSection(SolutionConfigurationPlatforms) = preSolution
		Debug|Any CPU = Debug|Any CPU
		Release|Any CPU = Release|Any CPU
	EndGlobalSection
	GlobalSection(ProjectConfigurationPlatforms) = postSolution
		{3CDBE710-D268-4003-A0E0-81088F75EFE6}.Debug|Any CPU.ActiveCfg = Debug|Any CPU
		{3CDBE710-D268-4003-A0E0-81088F75EFE6}.Debug|Any CPU.Build.0 = Debug|Any CPU
		{3CDBE710-D268-4003-A0E0-81088F75EFE6}.Release|Any CPU.ActiveCfg = Release|Any CPU
		{3CDBE710-D268-4003-A0E0-81088F75EFE6}.Release|Any CPU.Build.0 = Release|Any CPU
	EndGlobalSection
	GlobalSection(SolutionProperties) = preSolution
		HideSolutionNode = FALSE
	EndGlobalSection
	GlobalSection(ExtensibilityGlobals) = postSolution
		SolutionGuid = {6EAB9E8F-C74A-4F00-B35F-5A073613BDB1}
	EndGlobalSection
EndGlobal
